// !$*UTF8*$!
{
	archiveVersion = 1;
	classes = {
	};
	objectVersion = 56;
	objects = {

/* Begin PBXBuildFile section */
		86ACCFCE2A1F6DBC001B5E05 /* AppDelegate.swift in Sources */ = {isa = PBXBuildFile; fileRef = 86ACCFCD2A1F6DBC001B5E05 /* AppDelegate.swift */; };
		86ACCFD02A1F6DBC001B5E05 /* SceneDelegate.swift in Sources */ = {isa = PBXBuildFile; fileRef = 86ACCFCF2A1F6DBC001B5E05 /* SceneDelegate.swift */; };
		86ACCFD52A1F6DBC001B5E05 /* Main.storyboard in Resources */ = {isa = PBXBuildFile; fileRef = 86ACCFD32A1F6DBC001B5E05 /* Main.storyboard */; };
		86ACCFD72A1F6DBD001B5E05 /* Assets.xcassets in Resources */ = {isa = PBXBuildFile; fileRef = 86ACCFD62A1F6DBD001B5E05 /* Assets.xcassets */; };
		86ACCFDA2A1F6DBD001B5E05 /* LaunchScreen.storyboard in Resources */ = {isa = PBXBuildFile; fileRef = 86ACCFD82A1F6DBD001B5E05 /* LaunchScreen.storyboard */; };
		86ACCFE22A1F701F001B5E05 /* MainViewController.swift in Sources */ = {isa = PBXBuildFile; fileRef = 86ACCFE12A1F701F001B5E05 /* MainViewController.swift */; };
		86ACCFE42A20C0E9001B5E05 /* CustomTableViewCell.swift in Sources */ = {isa = PBXBuildFile; fileRef = 86ACCFE32A20C0E9001B5E05 /* CustomTableViewCell.swift */; };
		86ACCFE62A20C99D001B5E05 /* PlaceModel.swift in Sources */ = {isa = PBXBuildFile; fileRef = 86ACCFE52A20C99D001B5E05 /* PlaceModel.swift */; };
		86ACCFE82A223B9A001B5E05 /* NewPlaceViewController.swift in Sources */ = {isa = PBXBuildFile; fileRef = 86ACCFE72A223B9A001B5E05 /* NewPlaceViewController.swift */; };
/* End PBXBuildFile section */

/* Begin PBXFileReference section */
		86ACCFCA2A1F6DBC001B5E05 /* My Place.app */ = {isa = PBXFileReference; explicitFileType = wrapper.application; includeInIndex = 0; path = "My Place.app"; sourceTree = BUILT_PRODUCTS_DIR; };
		86ACCFCD2A1F6DBC001B5E05 /* AppDelegate.swift */ = {isa = PBXFileReference; lastKnownFileType = sourcecode.swift; path = AppDelegate.swift; sourceTree = "<group>"; };
		86ACCFCF2A1F6DBC001B5E05 /* SceneDelegate.swift */ = {isa = PBXFileReference; lastKnownFileType = sourcecode.swift; path = SceneDelegate.swift; sourceTree = "<group>"; };
		86ACCFD42A1F6DBC001B5E05 /* Base */ = {isa = PBXFileReference; lastKnownFileType = file.storyboard; name = Base; path = Base.lproj/Main.storyboard; sourceTree = "<group>"; };
		86ACCFD62A1F6DBD001B5E05 /* Assets.xcassets */ = {isa = PBXFileReference; lastKnownFileType = folder.assetcatalog; path = Assets.xcassets; sourceTree = "<group>"; };
		86ACCFD92A1F6DBD001B5E05 /* Base */ = {isa = PBXFileReference; lastKnownFileType = file.storyboard; name = Base; path = Base.lproj/LaunchScreen.storyboard; sourceTree = "<group>"; };
		86ACCFDB2A1F6DBD001B5E05 /* Info.plist */ = {isa = PBXFileReference; lastKnownFileType = text.plist.xml; path = Info.plist; sourceTree = "<group>"; };
		86ACCFE12A1F701F001B5E05 /* MainViewController.swift */ = {isa = PBXFileReference; lastKnownFileType = sourcecode.swift; path = MainViewController.swift; sourceTree = "<group>"; };
		86ACCFE32A20C0E9001B5E05 /* CustomTableViewCell.swift */ = {isa = PBXFileReference; lastKnownFileType = sourcecode.swift; path = CustomTableViewCell.swift; sourceTree = "<group>"; };
		86ACCFE52A20C99D001B5E05 /* PlaceModel.swift */ = {isa = PBXFileReference; lastKnownFileType = sourcecode.swift; path = PlaceModel.swift; sourceTree = "<group>"; };
		86ACCFE72A223B9A001B5E05 /* NewPlaceViewController.swift */ = {isa = PBXFileReference; lastKnownFileType = sourcecode.swift; path = NewPlaceViewController.swift; sourceTree = "<group>"; };
/* End PBXFileReference section */

/* Begin PBXFrameworksBuildPhase section */
		86ACCFC72A1F6DBC001B5E05 /* Frameworks */ = {
			isa = PBXFrameworksBuildPhase;
			buildActionMask = 2147483647;
			files = (
			);
			runOnlyForDeploymentPostprocessing = 0;
		};
/* End PBXFrameworksBuildPhase section */

/* Begin PBXGroup section */
		86ACCFC12A1F6DBC001B5E05 = {
			isa = PBXGroup;
			children = (
				86ACCFCC2A1F6DBC001B5E05 /* My Place */,
				86ACCFCB2A1F6DBC001B5E05 /* Products */,
			);
			sourceTree = "<group>";
		};
		86ACCFCB2A1F6DBC001B5E05 /* Products */ = {
			isa = PBXGroup;
			children = (
				86ACCFCA2A1F6DBC001B5E05 /* My Place.app */,
			);
			name = Products;
			sourceTree = "<group>";
		};
		86ACCFCC2A1F6DBC001B5E05 /* My Place */ = {
			isa = PBXGroup;
			children = (
				86ACCFCD2A1F6DBC001B5E05 /* AppDelegate.swift */,
				86ACCFCF2A1F6DBC001B5E05 /* SceneDelegate.swift */,
				86ACCFE12A1F701F001B5E05 /* MainViewController.swift */,
				86ACCFE72A223B9A001B5E05 /* NewPlaceViewController.swift */,
				86ACCFE52A20C99D001B5E05 /* PlaceModel.swift */,
				86ACCFE32A20C0E9001B5E05 /* CustomTableViewCell.swift */,
				86ACCFD32A1F6DBC001B5E05 /* Main.storyboard */,
				86ACCFD62A1F6DBD001B5E05 /* Assets.xcassets */,
				86ACCFD82A1F6DBD001B5E05 /* LaunchScreen.storyboard */,
				86ACCFDB2A1F6DBD001B5E05 /* Info.plist */,
			);
			path = "My Place";
			sourceTree = "<group>";
		};
/* End PBXGroup section */

/* Begin PBXNativeTarget section */
		86ACCFC92A1F6DBC001B5E05 /* My Place */ = {
			isa = PBXNativeTarget;
			buildConfigurationList = 86ACCFDE2A1F6DBD001B5E05 /* Build configuration list for PBXNativeTarget "My Place" */;
			buildPhases = (
				86ACCFC62A1F6DBC001B5E05 /* Sources */,
				86ACCFC72A1F6DBC001B5E05 /* Frameworks */,
				86ACCFC82A1F6DBC001B5E05 /* Resources */,
			);
			buildRules = (
			);
			dependencies = (
			);
			name = "My Place";
			productName = "My Place";
			productReference = 86ACCFCA2A1F6DBC001B5E05 /* My Place.app */;
			productType = "com.apple.product-type.application";
		};
/* End PBXNativeTarget section */

/* Begin PBXProject section */
		86ACCFC22A1F6DBC001B5E05 /* Project object */ = {
			isa = PBXProject;
			attributes = {
				BuildIndependentTargetsInParallel = 1;
				LastSwiftUpdateCheck = 1430;
				LastUpgradeCheck = 1430;
				TargetAttributes = {
					86ACCFC92A1F6DBC001B5E05 = {
						CreatedOnToolsVersion = 14.3;
					};
				};
			};
			buildConfigurationList = 86ACCFC52A1F6DBC001B5E05 /* Build configuration list for PBXProject "My Place" */;
			compatibilityVersion = "Xcode 14.0";
			developmentRegion = en;
			hasScannedForEncodings = 0;
			knownRegions = (
				en,
				Base,
			);
			mainGroup = 86ACCFC12A1F6DBC001B5E05;
			productRefGroup = 86ACCFCB2A1F6DBC001B5E05 /* Products */;
			projectDirPath = "";
			projectRoot = "";
			targets = (
				86ACCFC92A1F6DBC001B5E05 /* My Place */,
			);
		};
/* End PBXProject section */

/* Begin PBXResourcesBuildPhase section */
		86ACCFC82A1F6DBC001B5E05 /* Resources */ = {
			isa = PBXResourcesBuildPhase;
			buildActionMask = 2147483647;
			files = (
				86ACCFDA2A1F6DBD001B5E05 /* LaunchScreen.storyboard in Resources */,
				86ACCFD72A1F6DBD001B5E05 /* Assets.xcassets in Resources */,
				86ACCFD52A1F6DBC001B5E05 /* Main.storyboard in Resources */,
			);
			runOnlyForDeploymentPostprocessing = 0;
		};
/* End PBXResourcesBuildPhase section */

/* Begin PBXSourcesBuildPhase section */
		86ACCFC62A1F6DBC001B5E05 /* Sources */ = {
			isa = PBXSourcesBuildPhase;
			buildActionMask = 2147483647;
			files = (
				86ACCFE22A1F701F001B5E05 /* MainViewController.swift in Sources */,
				86ACCFE82A223B9A001B5E05 /* NewPlaceViewController.swift in Sources */,
				86ACCFCE2A1F6DBC001B5E05 /* AppDelegate.swift in Sources */,
				86ACCFE62A20C99D001B5E05 /* PlaceModel.swift in Sources */,
				86ACCFE42A20C0E9001B5E05 /* CustomTableViewCell.swift in Sources */,
				86ACCFD02A1F6DBC001B5E05 /* SceneDelegate.swift in Sources */,
			);
			runOnlyForDeploymentPostprocessing = 0;
		};
/* End PBXSourcesBuildPhase section */

/* Begin PBXVariantGroup section */
		86ACCFD32A1F6DBC001B5E05 /* Main.storyboard */ = {
			isa = PBXVariantGroup;
			children = (
				86ACCFD42A1F6DBC001B5E05 /* Base */,
			);
			name = Main.storyboard;
			sourceTree = "<group>";
		};
		86ACCFD82A1F6DBD001B5E05 /* LaunchScreen.storyboard */ = {
			isa = PBXVariantGroup;
			children = (
				86ACCFD92A1F6DBD001B5E05 /* Base */,
			);
			name = LaunchScreen.storyboard;
			sourceTree = "<group>";
		};
/* End PBXVariantGroup section */

/* Begin XCBuildConfiguration section */
		86ACCFDC2A1F6DBD001B5E05 /* Debug */ = {
			isa = XCBuildConfiguration;
			buildSettings = {
				ALWAYS_SEARCH_USER_PATHS = NO;
				CLANG_ANALYZER_NONNULL = YES;
				CLANG_ANALYZER_NUMBER_OBJECT_CONVERSION = YES_AGGRESSIVE;
				CLANG_CXX_LANGUAGE_STANDARD = "gnu++20";
				CLANG_ENABLE_MODULES = YES;
				CLANG_ENABLE_OBJC_ARC = YES;
				CLANG_ENABLE_OBJC_WEAK = YES;
				CLANG_WARN_BLOCK_CAPTURE_AUTORELEASING = YES;
				CLANG_WARN_BOOL_CONVERSION = YES;
				CLANG_WARN_COMMA = YES;
				CLANG_WARN_CONSTANT_CONVERSION = YES;
				CLANG_WARN_DEPRECATED_OBJC_IMPLEMENTATIONS = YES;
				CLANG_WARN_DIRECT_OBJC_ISA_USAGE = YES_ERROR;
				CLANG_WARN_DOCUMENTATION_COMMENTS = YES;
				CLANG_WARN_EMPTY_BODY = YES;
				CLANG_WARN_ENUM_CONVERSION = YES;
				CLANG_WARN_INFINITE_RECURSION = YES;
				CLANG_WARN_INT_CONVERSION = YES;
				CLANG_WARN_NON_LITERAL_NULL_CONVERSION = YES;
				CLANG_WARN_OBJC_IMPLICIT_RETAIN_SELF = YES;
				CLANG_WARN_OBJC_LITERAL_CONVERSION = YES;
				CLANG_WARN_OBJC_ROOT_CLASS = YES_ERROR;
				CLANG_WARN_QUOTED_INCLUDE_IN_FRAMEWORK_HEADER = YES;
				CLANG_WARN_RANGE_LOOP_ANALYSIS = YES;
				CLANG_WARN_STRICT_PROTOTYPES = YES;
				CLANG_WARN_SUSPICIOUS_MOVE = YES;
				CLANG_WARN_UNGUARDED_AVAILABILITY = YES_AGGRESSIVE;
				CLANG_WARN_UNREACHABLE_CODE = YES;
				CLANG_WARN__DUPLICATE_METHOD_MATCH = YES;
				COPY_PHASE_STRIP = NO;
				DEBUG_INFORMATION_FORMAT = dwarf;
				ENABLE_STRICT_OBJC_MSGSEND = YES;
				ENABLE_TESTABILITY = YES;
				GCC_C_LANGUAGE_STANDARD = gnu11;
				GCC_DYNAMIC_NO_PIC = NO;
				GCC_NO_COMMON_BLOCKS = YES;
				GCC_OPTIMIZATION_LEVEL = 0;
				GCC_PREPROCESSOR_DEFINITIONS = (
					"DEBUG=1",
					"$(inherited)",
				);
				GCC_WARN_64_TO_32_BIT_CONVERSION = YES;
				GCC_WARN_ABOUT_RETURN_TYPE = YES_ERROR;
				GCC_WARN_UNDECLARED_SELECTOR = YES;
				GCC_WARN_UNINITIALIZED_AUTOS = YES_AGGRESSIVE;
				GCC_WARN_UNUSED_FUNCTION = YES;
				GCC_WARN_UNUSED_VARIABLE = YES;
				IPHONEOS_DEPLOYMENT_TARGET = 16.4;
				MTL_ENABLE_DEBUG_INFO = INCLUDE_SOURCE;
				MTL_FAST_MATH = YES;
				ONLY_ACTIVE_ARCH = YES;
				SDKROOT = iphoneos;
				SWIFT_ACTIVE_COMPILATION_CONDITIONS = DEBUG;
				SWIFT_OPTIMIZATION_LEVEL = "-Onone";
			};
			name = Debug;
		};
		86ACCFDD2A1F6DBD001B5E05 /* Release */ = {
			isa = XCBuildConfiguration;
			buildSettings = {
				ALWAYS_SEARCH_USER_PATHS = NO;
				CLANG_ANALYZER_NONNULL = YES;
				CLANG_ANALYZER_NUMBER_OBJECT_CONVERSION = YES_AGGRESSIVE;
				CLANG_CXX_LANGUAGE_STANDARD = "gnu++20";
				CLANG_ENABLE_MODULES = YES;
				CLANG_ENABLE_OBJC_ARC = YES;
				CLANG_ENABLE_OBJC_WEAK = YES;
				CLANG_WARN_BLOCK_CAPTURE_AUTORELEASING = YES;
				CLANG_WARN_BOOL_CONVERSION = YES;
				CLANG_WARN_COMMA = YES;
				CLANG_WARN_CONSTANT_CONVERSION = YES;
				CLANG_WARN_DEPRECATED_OBJC_IMPLEMENTATIONS = YES;
				CLANG_WARN_DIRECT_OBJC_ISA_USAGE = YES_ERROR;
				CLANG_WARN_DOCUMENTATION_COMMENTS = YES;
				CLANG_WARN_EMPTY_BODY = YES;
				CLANG_WARN_ENUM_CONVERSION = YES;
				CLANG_WARN_INFINITE_RECURSION = YES;
				CLANG_WARN_INT_CONVERSION = YES;
				CLANG_WARN_NON_LITERAL_NULL_CONVERSION = YES;
				CLANG_WARN_OBJC_IMPLICIT_RETAIN_SELF = YES;
				CLANG_WARN_OBJC_LITERAL_CONVERSION = YES;
				CLANG_WARN_OBJC_ROOT_CLASS = YES_ERROR;
				CLANG_WARN_QUOTED_INCLUDE_IN_FRAMEWORK_HEADER = YES;
				CLANG_WARN_RANGE_LOOP_ANALYSIS = YES;
				CLANG_WARN_STRICT_PROTOTYPES = YES;
				CLANG_WARN_SUSPICIOUS_MOVE = YES;
				CLANG_WARN_UNGUARDED_AVAILABILITY = YES_AGGRESSIVE;
				CLANG_WARN_UNREACHABLE_CODE = YES;
				CLANG_WARN__DUPLICATE_METHOD_MATCH = YES;
				COPY_PHASE_STRIP = NO;
				DEBUG_INFORMATION_FORMAT = "dwarf-with-dsym";
				ENABLE_NS_ASSERTIONS = NO;
				ENABLE_STRICT_OBJC_MSGSEND = YES;
				GCC_C_LANGUAGE_STANDARD = gnu11;
				GCC_NO_COMMON_BLOCKS = YES;
				GCC_WARN_64_TO_32_BIT_CONVERSION = YES;
				GCC_WARN_ABOUT_RETURN_TYPE = YES_ERROR;
				GCC_WARN_UNDECLARED_SELECTOR = YES;
				GCC_WARN_UNINITIALIZED_AUTOS = YES_AGGRESSIVE;
				GCC_WARN_UNUSED_FUNCTION = YES;
				GCC_WARN_UNUSED_VARIABLE = YES;
				IPHONEOS_DEPLOYMENT_TARGET = 16.4;
				MTL_ENABLE_DEBUG_INFO = NO;
				MTL_FAST_MATH = YES;
				SDKROOT = iphoneos;
				SWIFT_COMPILATION_MODE = wholemodule;
				SWIFT_OPTIMIZATION_LEVEL = "-O";
				VALIDATE_PRODUCT = YES;
			};
			name = Release;
		};
		86ACCFDF2A1F6DBD001B5E05 /* Debug */ = {
			isa = XCBuildConfiguration;
			buildSettings = {
				ASSETCATALOG_COMPILER_APPICON_NAME = AppIcon;
				ASSETCATALOG_COMPILER_GLOBAL_ACCENT_COLOR_NAME = AccentColor;
				CODE_SIGN_STYLE = Automatic;
				CURRENT_PROJECT_VERSION = 1;
				DEVELOPMENT_TEAM = 6V3337XGWL;
				GENERATE_INFOPLIST_FILE = YES;
				INFOPLIST_FILE = "My Place/Info.plist";
				INFOPLIST_KEY_UIApplicationSupportsIndirectInputEvents = YES;
				INFOPLIST_KEY_UILaunchStoryboardName = LaunchScreen;
				INFOPLIST_KEY_UIMainStoryboardFile = Main;
				INFOPLIST_KEY_UISupportedInterfaceOrientations_iPad = "UIInterfaceOrientationPortrait UIInterfaceOrientationPortraitUpsideDown UIInterfaceOrientationLandscapeLeft UIInterfaceOrientationLandscapeRight";
				INFOPLIST_KEY_UISupportedInterfaceOrientations_iPhone = "UIInterfaceOrientationPortrait UIInterfaceOrientationLandscapeLeft UIInterfaceOrientationLandscapeRight";
				LD_RUNPATH_SEARCH_PATHS = (
					"$(inherited)",
					"@executable_path/Frameworks",
				);
				MARKETING_VERSION = 1.0;
				PRODUCT_BUNDLE_IDENTIFIER = "com.vladvysoven.My-Place";
				PRODUCT_NAME = "$(TARGET_NAME)";
				SWIFT_EMIT_LOC_STRINGS = YES;
				SWIFT_VERSION = 5.0;
				TARGETED_DEVICE_FAMILY = "1,2";
			};
			name = Debug;
		};
		86ACCFE02A1F6DBD001B5E05 /* Release */ = {
			isa = XCBuildConfiguration;
			buildSettings = {
				ASSETCATALOG_COMPILER_APPICON_NAME = AppIcon;
				ASSETCATALOG_COMPILER_GLOBAL_ACCENT_COLOR_NAME = AccentColor;
				CODE_SIGN_STYLE = Automatic;
				CURRENT_PROJECT_VERSION = 1;
				DEVELOPMENT_TEAM = 6V3337XGWL;
				GENERATE_INFOPLIST_FILE = YES;
				INFOPLIST_FILE = "My Place/Info.plist";
				INFOPLIST_KEY_UIApplicationSupportsIndirectInputEvents = YES;
				INFOPLIST_KEY_UILaunchStoryboardName = LaunchScreen;
				INFOPLIST_KEY_UIMainStoryboardFile = Main;
				INFOPLIST_KEY_UISupportedInterfaceOrientations_iPad = "UIInterfaceOrientationPortrait UIInterfaceOrientationPortraitUpsideDown UIInterfaceOrientationLandscapeLeft UIInterfaceOrientationLandscapeRight";
				INFOPLIST_KEY_UISupportedInterfaceOrientations_iPhone = "UIInterfaceOrientationPortrait UIInterfaceOrientationLandscapeLeft UIInterfaceOrientationLandscapeRight";
				LD_RUNPATH_SEARCH_PATHS = (
					"$(inherited)",
					"@executable_path/Frameworks",
				);
				MARKETING_VERSION = 1.0;
				PRODUCT_BUNDLE_IDENTIFIER = "com.vladvysoven.My-Place";
				PRODUCT_NAME = "$(TARGET_NAME)";
				SWIFT_EMIT_LOC_STRINGS = YES;
				SWIFT_VERSION = 5.0;
				TARGETED_DEVICE_FAMILY = "1,2";
			};
			name = Release;
		};
/* End XCBuildConfiguration section */

/* Begin XCConfigurationList section */
		86ACCFC52A1F6DBC001B5E05 /* Build configuration list for PBXProject "My Place" */ = {
			isa = XCConfigurationList;
			buildConfigurations = (
				86ACCFDC2A1F6DBD001B5E05 /* Debug */,
				86ACCFDD2A1F6DBD001B5E05 /* Release */,
			);
			defaultConfigurationIsVisible = 0;
			defaultConfigurationName = Release;
		};
		86ACCFDE2A1F6DBD001B5E05 /* Build configuration list for PBXNativeTarget "My Place" */ = {
			isa = XCConfigurationList;
			buildConfigurations = (
				86ACCFDF2A1F6DBD001B5E05 /* Debug */,
				86ACCFE02A1F6DBD001B5E05 /* Release */,
			);
			defaultConfigurationIsVisible = 0;
			defaultConfigurationName = Release;
		};
/* End XCConfigurationList section */
	};
	rootObject = 86ACCFC22A1F6DBC001B5E05 /* Project object */;
}
